
Microsoft Visual Studio Solution File, Format Version 12.00
# Visual Studio Version 17
VisualStudioVersion = 17.7.34024.191
MinimumVisualStudioVersion = 10.0.40219.1
Project("{FAE04EC0-301F-11D3-BF4B-00C04F79EFBC}") = "Keyboard Trainer", "Keyboard Trainer\Keyboard Trainer.csproj", "{7222BACD-2FE4-4AC3-99CE-C846292E1704}"
EndProject
Project("{9A19103F-16F7-4668-BE54-9A1E7A4F7556}") = "DataBaseTests", "DataBaseTests\DataBaseTests.csproj", "{B7252D02-C2AD-405C-85CF-90D3C3D8D867}"
EndProject
Global
	GlobalSection(SolutionConfigurationPlatforms) = preSolution
		Debug|Any CPU = Debug|Any CPU
		Release|Any CPU = Release|Any CPU
	EndGlobalSection
	GlobalSection(ProjectConfigurationPlatforms) = postSolution
		{7222BACD-2FE4-4AC3-99CE-C846292E1704}.Debug|Any CPU.ActiveCfg = Debug|Any CPU
		{7222BACD-2FE4-4AC3-99CE-C846292E1704}.Debug|Any CPU.Build.0 = Debug|Any CPU
		{7222BACD-2FE4-4AC3-99CE-C846292E1704}.Release|Any CPU.ActiveCfg = Release|Any CPU
		{7222BACD-2FE4-4AC3-99CE-C846292E1704}.Release|Any CPU.Build.0 = Release|Any CPU
		{B7252D02-C2AD-405C-85CF-90D3C3D8D867}.Debug|Any CPU.ActiveCfg = Debug|Any CPU
		{B7252D02-C2AD-405C-85CF-90D3C3D8D867}.Debug|Any CPU.Build.0 = Debug|Any CPU
		{B7252D02-C2AD-405C-85CF-90D3C3D8D867}.Release|Any CPU.ActiveCfg = Release|Any CPU
		{B7252D02-C2AD-405C-85CF-90D3C3D8D867}.Release|Any CPU.Build.0 = Release|Any CPU
	EndGlobalSection
	GlobalSection(SolutionProperties) = preSolution
		HideSolutionNode = FALSE
	EndGlobalSection
	GlobalSection(ExtensibilityGlobals) = postSolution
		SolutionGuid = {B5A77322-7369-4857-B671-4DDCCD66A96C}
	EndGlobalSection
EndGlobal
